{
  "version": "2",
  "remote": {
    "https://cdn.jsdelivr.net/gh/GoogleChrome/lighthouse@10.1.0/core/lib/statistics.js": "0ae30ff552845e456d4749a0e950661a408c240fbf033066886b26a66461e9e4",
    "https://deno.land/std@0.114.0/fmt/colors.ts": "8368ddf2d48dfe413ffd04cdbb7ae6a1009cf0dccc9c7ff1d76259d9c61a0621",
    "https://deno.land/std@0.114.0/testing/_diff.ts": "95578951cd3c9977fd3822c64e9831c739ae8d2a5faece71d3f21bfb553f6275",
    "https://deno.land/std@0.114.0/testing/asserts.ts": "550c71c634c608cffabf9e50520435cf03ff4bbd1db1253b0ade4debb444b131",
    "https://deno.land/std@0.140.0/_util/assert.ts": "e94f2eb37cebd7f199952e242c77654e43333c1ac4c5c700e929ea3aa5489f74",
    "https://deno.land/std@0.140.0/_util/os.ts": "3b4c6e27febd119d36a416d7a97bd3b0251b77c88942c8f16ee5953ea13e2e49",
    "https://deno.land/std@0.140.0/bytes/bytes_list.ts": "67eb118e0b7891d2f389dad4add35856f4ad5faab46318ff99653456c23b025d",
    "https://deno.land/std@0.140.0/bytes/equals.ts": "fc16dff2090cced02497f16483de123dfa91e591029f985029193dfaa9d894c9",
    "https://deno.land/std@0.140.0/bytes/mod.ts": "763f97d33051cc3f28af1a688dfe2830841192a9fea0cbaa55f927b49d49d0bf",
    "https://deno.land/std@0.140.0/fmt/colors.ts": "30455035d6d728394781c10755351742dd731e3db6771b1843f9b9e490104d37",
    "https://deno.land/std@0.140.0/fs/_util.ts": "0fb24eb4bfebc2c194fb1afdb42b9c3dda12e368f43e8f2321f84fc77d42cb0f",
    "https://deno.land/std@0.140.0/fs/ensure_dir.ts": "9dc109c27df4098b9fc12d949612ae5c9c7169507660dcf9ad90631833209d9d",
    "https://deno.land/std@0.140.0/hash/sha256.ts": "803846c7a5a8a5a97f31defeb37d72f519086c880837129934f5d6f72102a8e8",
    "https://deno.land/std@0.140.0/io/buffer.ts": "bd0c4bf53db4b4be916ca5963e454bddfd3fcd45039041ea161dbf826817822b",
    "https://deno.land/std@0.140.0/io/types.d.ts": "01f60ae7ec02675b5dbed150d258fc184a78dfe5c209ef53ba4422b46b58822c",
    "https://deno.land/std@0.140.0/path/_constants.ts": "df1db3ffa6dd6d1252cc9617e5d72165cd2483df90e93833e13580687b6083c3",
    "https://deno.land/std@0.140.0/path/_interface.ts": "ee3b431a336b80cf445441109d089b70d87d5e248f4f90ff906820889ecf8d09",
    "https://deno.land/std@0.140.0/path/_util.ts": "c1e9686d0164e29f7d880b2158971d805b6e0efc3110d0b3e24e4b8af2190d2b",
    "https://deno.land/std@0.140.0/path/common.ts": "bee563630abd2d97f99d83c96c2fa0cca7cee103e8cb4e7699ec4d5db7bd2633",
    "https://deno.land/std@0.140.0/path/glob.ts": "cb5255638de1048973c3e69e420c77dc04f75755524cb3b2e160fe9277d939ee",
    "https://deno.land/std@0.140.0/path/mod.ts": "d3e68d0abb393fb0bf94a6d07c46ec31dc755b544b13144dee931d8d5f06a52d",
    "https://deno.land/std@0.140.0/path/posix.ts": "293cdaec3ecccec0a9cc2b534302dfe308adb6f10861fa183275d6695faace44",
    "https://deno.land/std@0.140.0/path/separator.ts": "fe1816cb765a8068afb3e8f13ad272351c85cbc739af56dacfc7d93d710fe0f9",
    "https://deno.land/std@0.140.0/path/win32.ts": "31811536855e19ba37a999cd8d1b62078235548d67902ece4aa6b814596dd757",
    "https://deno.land/std@0.140.0/streams/conversion.ts": "712585bfa0172a97fb68dd46e784ae8ad59d11b88079d6a4ab098ff42e697d21",
    "https://deno.land/std@0.177.0/_util/asserts.ts": "178dfc49a464aee693a7e285567b3d0b555dc805ff490505a8aae34f9cfb1462",
    "https://deno.land/std@0.177.0/_util/os.ts": "d932f56d41e4f6a6093d56044e29ce637f8dcc43c5a90af43504a889cf1775e3",
    "https://deno.land/std@0.177.0/async/abortable.ts": "73acfb3ed7261ce0d930dbe89e43db8d34e017b063cf0eaa7d215477bf53442e",
    "https://deno.land/std@0.177.0/async/deadline.ts": "c5facb0b404eede83e38bd2717ea8ab34faa2ffb20ef87fd261fcba32ba307aa",
    "https://deno.land/std@0.177.0/async/debounce.ts": "adab11d04ca38d699444ac8a9d9856b4155e8dda2afd07ce78276c01ea5a4332",
    "https://deno.land/std@0.177.0/async/deferred.ts": "42790112f36a75a57db4a96d33974a936deb7b04d25c6084a9fa8a49f135def8",
    "https://deno.land/std@0.177.0/async/delay.ts": "73aa04cec034c84fc748c7be49bb15cac3dd43a57174bfdb7a4aec22c248f0dd",
    "https://deno.land/std@0.177.0/async/mod.ts": "f04344fa21738e5ad6bea37a6bfffd57c617c2d372bb9f9dcfd118a1b622e576",
    "https://deno.land/std@0.177.0/async/mux_async_iterator.ts": "70c7f2ee4e9466161350473ad61cac0b9f115cff4c552eaa7ef9d50c4cbb4cc9",
    "https://deno.land/std@0.177.0/async/pool.ts": "fd082bd4aaf26445909889435a5c74334c017847842ec035739b4ae637ae8260",
    "https://deno.land/std@0.177.0/async/retry.ts": "5efa3ba450ac0c07a40a82e2df296287b5013755d232049efd7ea2244f15b20f",
    "https://deno.land/std@0.177.0/async/tee.ts": "47e42d35f622650b02234d43803d0383a89eb4387e1b83b5a40106d18ae36757",
    "https://deno.land/std@0.177.0/collections/_utils.ts": "5114abc026ddef71207a79609b984614e66a63a4bda17d819d56b0e72c51527e",
    "https://deno.land/std@0.177.0/collections/deep_merge.ts": "5a8ed29030f4471a5272785c57c3455fa79697b9a8f306013a8feae12bafc99a",
    "https://deno.land/std@0.177.0/crypto/_fnv/fnv32.ts": "e4649dfdefc5c987ed53c3c25db62db771a06d9d1b9c36d2b5cf0853b8e82153",
    "https://deno.land/std@0.177.0/crypto/_fnv/fnv64.ts": "bfa0e4702061fdb490a14e6bf5f9168a22fb022b307c5723499469bfefca555e",
    "https://deno.land/std@0.177.0/crypto/_fnv/index.ts": "169c213eb75de2d6738c1ed66a8e5782bd222b70b187cc4e7fb7b73edfcf0927",
    "https://deno.land/std@0.177.0/crypto/_fnv/util.ts": "accba12bfd80a352e32a872f87df2a195e75561f1b1304a4cb4f5a4648d288f9",
    "https://deno.land/std@0.177.0/crypto/_util.ts": "0522d1466e3c92df84cea94da85dbb7bd93e629dacb2aa5b39cab432ab7cb3d6",
    "https://deno.land/std@0.177.0/crypto/_wasm/lib/deno_std_wasm_crypto.generated.mjs": "5dedb7f9aa05f0e18ed017691c58df5f4686e4cbbd70368c6f896e5cca03f2b4",
    "https://deno.land/std@0.177.0/crypto/_wasm/mod.ts": "e2df88236fc061eac7a89e8cb0b97843f5280b08b2a990e473b7397a3e566003",
    "https://deno.land/std@0.177.0/crypto/crypto.ts": "d5ce53784ab7b1348095389426a7ea98536223fb143812ecb50724a0aa1ec657",
    "https://deno.land/std@0.177.0/crypto/keystack.ts": "877ab0f19eb7d37ad6495190d3c3e39f58e9c52e0b6a966f82fd6df67ca55f90",
    "https://deno.land/std@0.177.0/crypto/mod.ts": "885738e710868202d7328305b0c0c134e36a2d9c98ceab9513ea2442863c00eb",
    "https://deno.land/std@0.177.0/crypto/timing_safe_equal.ts": "8d69ab611c67fe51b6127d97fcfb4d8e7d0e1b6b4f3e0cc4ab86744c3691f965",
    "https://deno.land/std@0.177.0/crypto/to_hash_string.ts": "fe4e95239d7afb617f469bc2f76ff20f888ddb8d1385e0d92276f6e4d5a809d1",
    "https://deno.land/std@0.177.0/encoding/base64.ts": "7de04c2f8aeeb41453b09b186480be90f2ff357613b988e99fabb91d2eeceba1",
    "https://deno.land/std@0.177.0/encoding/base64url.ts": "3f1178f6446834457b16bfde8b559c1cd3481727fe384d3385e4a9995dc2d851",
    "https://deno.land/std@0.177.0/encoding/hex.ts": "50f8c95b52eae24395d3dfcb5ec1ced37c5fe7610ef6fffdcc8b0fdc38e3b32f",
    "https://deno.land/std@0.177.0/flags/mod.ts": "d1cdefa18472ef69858a17df5cf7c98445ed27ac10e1460183081303b0ebc270",
    "https://deno.land/std@0.177.0/fmt/colors.ts": "938c5d44d889fb82eff6c358bea8baa7e85950a16c9f6dae3ec3a7a729164471",
    "https://deno.land/std@0.177.0/fs/_util.ts": "65381f341af1ff7f40198cee15c20f59951ac26e51ddc651c5293e24f9ce6f32",
    "https://deno.land/std@0.177.0/fs/ensure_dir.ts": "724209875497a6b4628dfb256116e5651c4f7816741368d6c44aab2531a1e603",
    "https://deno.land/std@0.177.0/fs/walk.ts": "ea95ffa6500c1eda6b365be488c056edc7c883a1db41ef46ec3bf057b1c0fe32",
    "https://deno.land/std@0.177.0/http/file_server.ts": "86d624c0c908a4a377090668ee872cf5c064245da71b3e8f8f7df888cac869d5",
    "https://deno.land/std@0.177.0/http/http_status.ts": "8a7bcfe3ac025199ad804075385e57f63d055b2aed539d943ccc277616d6f932",
    "https://deno.land/std@0.177.0/http/server.ts": "cbb17b594651215ba95c01a395700684e569c165a567e4e04bba327f41197433",
    "https://deno.land/std@0.177.0/http/util.ts": "36c0b60c031f9e2ba024353ed11693f76c714551f9e766b36cdaacda54f25a21",
    "https://deno.land/std@0.177.0/media_types/_db.ts": "7606d83e31f23ce1a7968cbaee852810c2cf477903a095696cdc62eaab7ce570",
    "https://deno.land/std@0.177.0/media_types/_util.ts": "916efbd30b6148a716f110e67a4db29d6949bf4048997b754415dd7e42c52378",
    "https://deno.land/std@0.177.0/media_types/content_type.ts": "c682589a0aeb016bfed355cc1ed6fbb3ead2ea48fc0000ac5de6a5730613ad1c",
    "https://deno.land/std@0.177.0/media_types/format_media_type.ts": "1e35e16562e5c417401ffc388a9f8f421f97f0ee06259cbe990c51bae4e6c7a8",
    "https://deno.land/std@0.177.0/media_types/get_charset.ts": "8be15a1fd31a545736b91ace56d0e4c66ea0d7b3fdc5c90760e8202e7b4b1fad",
    "https://deno.land/std@0.177.0/media_types/parse_media_type.ts": "bed260d868ea271445ae41d748e7afed9b5a7f407d2777ead08cecf73e9278de",
    "https://deno.land/std@0.177.0/media_types/type_by_extension.ts": "6076a7fc63181d70f92ec582fdea2c927eb2cfc7f9c9bee9d6add2aca86f2355",
    "https://deno.land/std@0.177.0/media_types/vendor/mime-db.v1.52.0.ts": "6925bbcae81ca37241e3f55908d0505724358cda3384eaea707773b2c7e99586",
    "https://deno.land/std@0.177.0/path/_constants.ts": "e49961f6f4f48039c0dfed3c3f93e963ca3d92791c9d478ac5b43183413136e0",
    "https://deno.land/std@0.177.0/path/_interface.ts": "6471159dfbbc357e03882c2266d21ef9afdb1e4aa771b0545e90db58a0ba314b",
    "https://deno.land/std@0.177.0/path/_util.ts": "d7abb1e0dea065f427b89156e28cdeb32b045870acdf865833ba808a73b576d0",
    "https://deno.land/std@0.177.0/path/common.ts": "ee7505ab01fd22de3963b64e46cff31f40de34f9f8de1fff6a1bd2fe79380000",
    "https://deno.land/std@0.177.0/path/glob.ts": "d479e0a695621c94d3fd7fe7abd4f9499caf32a8de13f25073451c6ef420a4e1",
    "https://deno.land/std@0.177.0/path/mod.ts": "4b83694ac500d7d31b0cdafc927080a53dc0c3027eb2895790fb155082b0d232",
    "https://deno.land/std@0.177.0/path/posix.ts": "8b7c67ac338714b30c816079303d0285dd24af6b284f7ad63da5b27372a2c94d",
    "https://deno.land/std@0.177.0/path/separator.ts": "0fb679739d0d1d7bf45b68dacfb4ec7563597a902edbaf3c59b50d5bcadd93b1",
    "https://deno.land/std@0.177.0/path/win32.ts": "d186344e5583bcbf8b18af416d13d82b35a317116e6460a5a3953508c3de5bba",
    "https://deno.land/std@0.177.0/version.ts": "259c8866ec257c3511b437baa95205a86761abaef852a9b2199072accb2ef046",
    "https://deno.land/std@0.179.0/_util/asserts.ts": "178dfc49a464aee693a7e285567b3d0b555dc805ff490505a8aae34f9cfb1462",
    "https://deno.land/std@0.179.0/_util/os.ts": "d932f56d41e4f6a6093d56044e29ce637f8dcc43c5a90af43504a889cf1775e3",
    "https://deno.land/std@0.179.0/fs/_util.ts": "65381f341af1ff7f40198cee15c20f59951ac26e51ddc651c5293e24f9ce6f32",
    "https://deno.land/std@0.179.0/fs/copy.ts": "14214efd94fc3aa6db1e4af2b4b9578e50f7362b7f3725d5a14ad259a5df26c8",
    "https://deno.land/std@0.179.0/fs/ensure_dir.ts": "dc64c4c75c64721d4e3fb681f1382f803ff3d2868f08563ff923fdd20d071c40",
    "https://deno.land/std@0.179.0/path/_constants.ts": "e49961f6f4f48039c0dfed3c3f93e963ca3d92791c9d478ac5b43183413136e0",
    "https://deno.land/std@0.179.0/path/_interface.ts": "6471159dfbbc357e03882c2266d21ef9afdb1e4aa771b0545e90db58a0ba314b",
    "https://deno.land/std@0.179.0/path/_util.ts": "d7abb1e0dea065f427b89156e28cdeb32b045870acdf865833ba808a73b576d0",
    "https://deno.land/std@0.179.0/path/common.ts": "ee7505ab01fd22de3963b64e46cff31f40de34f9f8de1fff6a1bd2fe79380000",
    "https://deno.land/std@0.179.0/path/glob.ts": "d479e0a695621c94d3fd7fe7abd4f9499caf32a8de13f25073451c6ef420a4e1",
    "https://deno.land/std@0.179.0/path/mod.ts": "4b83694ac500d7d31b0cdafc927080a53dc0c3027eb2895790fb155082b0d232",
    "https://deno.land/std@0.179.0/path/posix.ts": "8b7c67ac338714b30c816079303d0285dd24af6b284f7ad63da5b27372a2c94d",
    "https://deno.land/std@0.179.0/path/separator.ts": "0fb679739d0d1d7bf45b68dacfb4ec7563597a902edbaf3c59b50d5bcadd93b1",
    "https://deno.land/std@0.179.0/path/win32.ts": "d186344e5583bcbf8b18af416d13d82b35a317116e6460a5a3953508c3de5bba",
    "https://deno.land/std@0.180.0/_util/asserts.ts": "178dfc49a464aee693a7e285567b3d0b555dc805ff490505a8aae34f9cfb1462",
    "https://deno.land/std@0.180.0/_util/os.ts": "d932f56d41e4f6a6093d56044e29ce637f8dcc43c5a90af43504a889cf1775e3",
    "https://deno.land/std@0.180.0/fmt/colors.ts": "938c5d44d889fb82eff6c358bea8baa7e85950a16c9f6dae3ec3a7a729164471",
    "https://deno.land/std@0.180.0/fs/_util.ts": "65381f341af1ff7f40198cee15c20f59951ac26e51ddc651c5293e24f9ce6f32",
    "https://deno.land/std@0.180.0/fs/copy.ts": "14214efd94fc3aa6db1e4af2b4b9578e50f7362b7f3725d5a14ad259a5df26c8",
    "https://deno.land/std@0.180.0/fs/empty_dir.ts": "c3d2da4c7352fab1cf144a1ecfef58090769e8af633678e0f3fabaef98594688",
    "https://deno.land/std@0.180.0/fs/ensure_dir.ts": "dc64c4c75c64721d4e3fb681f1382f803ff3d2868f08563ff923fdd20d071c40",
    "https://deno.land/std@0.180.0/fs/ensure_file.ts": "c38602670bfaf259d86ca824a94e6cb9e5eb73757fefa4ebf43a90dd017d53d9",
    "https://deno.land/std@0.180.0/fs/ensure_link.ts": "c0f5b2f0ec094ed52b9128eccb1ee23362a617457aa0f699b145d4883f5b2fb4",
    "https://deno.land/std@0.180.0/fs/ensure_symlink.ts": "5006ab2f458159c56d689b53b1e48d57e05eeb1eaf64e677f7f76a30bc4fdba1",
    "https://deno.land/std@0.180.0/fs/eol.ts": "f1f2eb348a750c34500741987b21d65607f352cf7205f48f4319d417fff42842",
    "https://deno.land/std@0.180.0/fs/exists.ts": "b8c8a457b71e9d7f29b9d2f87aad8dba2739cbe637e8926d6ba6e92567875f8e",
    "https://deno.land/std@0.180.0/fs/expand_glob.ts": "e4f56259a0a70fe23f05215b00de3ac5e6ba46646ab2a06ebbe9b010f81c972a",
    "https://deno.land/std@0.180.0/fs/mod.ts": "bc3d0acd488cc7b42627044caf47d72019846d459279544e1934418955ba4898",
    "https://deno.land/std@0.180.0/fs/move.ts": "4cb47f880e3f0582c55e71c9f8b1e5e8cfaacb5e84f7390781dd563b7298ec19",
    "https://deno.land/std@0.180.0/fs/walk.ts": "ea95ffa6500c1eda6b365be488c056edc7c883a1db41ef46ec3bf057b1c0fe32",
    "https://deno.land/std@0.180.0/path/_constants.ts": "e49961f6f4f48039c0dfed3c3f93e963ca3d92791c9d478ac5b43183413136e0",
    "https://deno.land/std@0.180.0/path/_interface.ts": "6471159dfbbc357e03882c2266d21ef9afdb1e4aa771b0545e90db58a0ba314b",
    "https://deno.land/std@0.180.0/path/_util.ts": "d7abb1e0dea065f427b89156e28cdeb32b045870acdf865833ba808a73b576d0",
    "https://deno.land/std@0.180.0/path/common.ts": "ee7505ab01fd22de3963b64e46cff31f40de34f9f8de1fff6a1bd2fe79380000",
    "https://deno.land/std@0.180.0/path/glob.ts": "d479e0a695621c94d3fd7fe7abd4f9499caf32a8de13f25073451c6ef420a4e1",
    "https://deno.land/std@0.180.0/path/mod.ts": "4b83694ac500d7d31b0cdafc927080a53dc0c3027eb2895790fb155082b0d232",
    "https://deno.land/std@0.180.0/path/posix.ts": "8b7c67ac338714b30c816079303d0285dd24af6b284f7ad63da5b27372a2c94d",
    "https://deno.land/std@0.180.0/path/separator.ts": "0fb679739d0d1d7bf45b68dacfb4ec7563597a902edbaf3c59b50d5bcadd93b1",
    "https://deno.land/std@0.180.0/path/win32.ts": "d186344e5583bcbf8b18af416d13d82b35a317116e6460a5a3953508c3de5bba",
    "https://deno.land/std@0.180.0/testing/_diff.ts": "1a3c044aedf77647d6cac86b798c6417603361b66b54c53331b312caeb447aea",
    "https://deno.land/std@0.180.0/testing/_format.ts": "a69126e8a469009adf4cf2a50af889aca364c349797e63174884a52ff75cf4c7",
    "https://deno.land/std@0.180.0/testing/asserts.ts": "984ab0bfb3faeed92ffaa3a6b06536c66811185328c5dd146257c702c41b01ab",
    "https://deno.land/std@0.182.0/_util/asserts.ts": "178dfc49a464aee693a7e285567b3d0b555dc805ff490505a8aae34f9cfb1462",
    "https://deno.land/std@0.182.0/_util/os.ts": "d932f56d41e4f6a6093d56044e29ce637f8dcc43c5a90af43504a889cf1775e3",
    "https://deno.land/std@0.182.0/path/_constants.ts": "e49961f6f4f48039c0dfed3c3f93e963ca3d92791c9d478ac5b43183413136e0",
    "https://deno.land/std@0.182.0/path/_interface.ts": "6471159dfbbc357e03882c2266d21ef9afdb1e4aa771b0545e90db58a0ba314b",
    "https://deno.land/std@0.182.0/path/_util.ts": "d7abb1e0dea065f427b89156e28cdeb32b045870acdf865833ba808a73b576d0",
    "https://deno.land/std@0.182.0/path/common.ts": "ee7505ab01fd22de3963b64e46cff31f40de34f9f8de1fff6a1bd2fe79380000",
    "https://deno.land/std@0.182.0/path/glob.ts": "d479e0a695621c94d3fd7fe7abd4f9499caf32a8de13f25073451c6ef420a4e1",
    "https://deno.land/std@0.182.0/path/mod.ts": "bf718f19a4fdd545aee1b06409ca0805bd1b68ecf876605ce632e932fe54510c",
    "https://deno.land/std@0.182.0/path/posix.ts": "8b7c67ac338714b30c816079303d0285dd24af6b284f7ad63da5b27372a2c94d",
    "https://deno.land/std@0.182.0/path/separator.ts": "0fb679739d0d1d7bf45b68dacfb4ec7563597a902edbaf3c59b50d5bcadd93b1",
    "https://deno.land/std@0.182.0/path/win32.ts": "d186344e5583bcbf8b18af416d13d82b35a317116e6460a5a3953508c3de5bba",
    "https://deno.land/std@0.190.0/fmt/colors.ts": "d67e3cd9f472535241a8e410d33423980bec45047e343577554d3356e1f0ef4e",
    "https://deno.land/std@0.190.0/testing/_diff.ts": "1a3c044aedf77647d6cac86b798c6417603361b66b54c53331b312caeb447aea",
    "https://deno.land/std@0.190.0/testing/_format.ts": "a69126e8a469009adf4cf2a50af889aca364c349797e63174884a52ff75cf4c7",
    "https://deno.land/std@0.190.0/testing/asserts.ts": "e16d98b4d73ffc4ed498d717307a12500ae4f2cbe668f1a215632d19fcffc22f",
    "https://deno.land/x/deno_cache@0.4.1/auth_tokens.ts": "5fee7e9155e78cedf3f6ff3efacffdb76ac1a76c86978658d9066d4fb0f7326e",
    "https://deno.land/x/deno_cache@0.4.1/cache.ts": "51f72f4299411193d780faac8c09d4e8cbee951f541121ef75fcc0e94e64c195",
    "https://deno.land/x/deno_cache@0.4.1/deno_dir.ts": "f2a9044ce8c7fe1109004cda6be96bf98b08f478ce77e7a07f866eff1bdd933f",
    "https://deno.land/x/deno_cache@0.4.1/deps.ts": "8974097d6c17e65d9a82d39377ae8af7d94d74c25c0cbb5855d2920e063f2343",
    "https://deno.land/x/deno_cache@0.4.1/dirs.ts": "d2fa473ef490a74f2dcb5abb4b9ab92a48d2b5b6320875df2dee64851fa64aa9",
    "https://deno.land/x/deno_cache@0.4.1/disk_cache.ts": "1f3f5232cba4c56412d93bdb324c624e95d5dd179d0578d2121e3ccdf55539f9",
    "https://deno.land/x/deno_cache@0.4.1/file_fetcher.ts": "07a6c5f8fd94bf50a116278cc6012b4921c70d2251d98ce1c9f3c352135c39f7",
    "https://deno.land/x/deno_cache@0.4.1/http_cache.ts": "f632e0d6ec4a5d61ae3987737a72caf5fcdb93670d21032ddb78df41131360cd",
    "https://deno.land/x/deno_cache@0.4.1/mod.ts": "ef1cda9235a93b89cb175fe648372fc0f785add2a43aa29126567a05e3e36195",
    "https://deno.land/x/deno_cache@0.4.1/util.ts": "8cb686526f4be5205b92c819ca2ce82220aa0a8dd3613ef0913f6dc269dbbcfe",
    "https://deno.land/x/deno_graph@0.26.0/lib/deno_graph.generated.js": "2f7ca85b2ceb80ec4b3d1b7f3a504956083258610c7b9a1246238c5b7c68f62d",
    "https://deno.land/x/deno_graph@0.26.0/lib/loader.ts": "380e37e71d0649eb50176a9786795988fc3c47063a520a54b616d7727b0f8629",
    "https://deno.land/x/deno_graph@0.26.0/lib/media_type.ts": "222626d524fa2f9ebcc0ec7c7a7d5dfc74cc401cc46790f7c5e0eab0b0787707",
    "https://deno.land/x/deno_graph@0.26.0/lib/snippets/deno_graph-de651bc9c240ed8d/src/deno_apis.js": "41192baaa550a5c6a146280fae358cede917ae16ec4e4315be51bef6631ca892",
    "https://deno.land/x/deno_graph@0.26.0/lib/types.d.ts": "2bbdbf895321d1df8db511fab00160a0211c09c2e7cac56c522dd6e9ed6d2ef7",
    "https://deno.land/x/deno_graph@0.26.0/mod.ts": "11131ae166580a1c7fa8506ff553751465a81c263d94443f18f353d0c320bc14",
    "https://deno.land/x/denoflate@1.2.1/mod.ts": "f5628e44b80b3d80ed525afa2ba0f12408e3849db817d47a883b801f9ce69dd6",
    "https://deno.land/x/denoflate@1.2.1/pkg/denoflate.js": "b9f9ad9457d3f12f28b1fb35c555f57443427f74decb403113d67364e4f2caf4",
    "https://deno.land/x/denoflate@1.2.1/pkg/denoflate_bg.wasm.js": "d581956245407a2115a3d7e8d85a9641c032940a8e810acbd59ca86afd34d44d",
    "https://deno.land/x/emit@0.16.0/lib/emit.generated.js": "3ac0049198dd260e4c7f2a6ed99490800f713ba4ef0d39820dc8de692bcb2346",
    "https://deno.land/x/emit@0.16.0/mod.ts": "20fd97493b37308480c288a559311cf950b4b799c8e6a91f86fc77ce9467e248",
    "https://deno.land/x/esbuild@v0.17.16/mod.d.ts": "dc279a3a46f084484453e617c0cabcd5b8bd1920c0e562e4ea02dfc828c8f968",
    "https://deno.land/x/esbuild@v0.17.16/mod.js": "5d7e63d0fe5cd00697ad81a5dfd1346f436cff4e16aa544adc4a1bbdea683e07",
    "https://deno.land/x/mononykus@0.6.0/src/build.ts": "2ab45e3c5e37577dc86de255829ecb5a055dfc7d5cb9dff47f8504f92c232c3e",
    "https://deno.land/x/mononykus@0.6.0/src/esbuild_plugins/build_routes.ts": "b9ed43d64702a24293ad39207ee1440d04e4e87d8648daee60f07d396d225886",
    "https://deno.land/x/mononykus@0.6.0/src/esbuild_plugins/get_route_html.ts": "fc2b7cd7885716c06256554e0ccf6f7cc948268184d3e5b596d940616b5a1130",
    "https://deno.land/x/mononykus@0.6.0/src/esbuild_plugins/svelte_components.ts": "e01587a4fd9bf608fd0e23df84eaafb73cac204d6c8bc3eb995a8258db0d9523",
    "https://deno.land/x/mononykus@0.6.0/src/esbuild_plugins/svelte_internal.ts": "f7a0c7a2c3e720f2a5da7ab227045d4e7f1a75e900115d358fdb5d0afed3863d",
    "https://deno.land/x/mononykus@0.6.0/src/server.ts": "07f751a284e2b03727a6eb8e69728acaa8cf20ebef095979a9b96ca14849f385",
    "https://deno.land/x/zod@v3.21.4/ZodError.ts": "4de18ff525e75a0315f2c12066b77b5c2ae18c7c15ef7df7e165d63536fdf2ea",
    "https://deno.land/x/zod@v3.21.4/errors.ts": "5285922d2be9700cc0c70c95e4858952b07ae193aa0224be3cbd5cd5567eabef",
    "https://deno.land/x/zod@v3.21.4/external.ts": "a6cfbd61e9e097d5f42f8a7ed6f92f93f51ff927d29c9fbaec04f03cbce130fe",
    "https://deno.land/x/zod@v3.21.4/helpers/enumUtil.ts": "54efc393cc9860e687d8b81ff52e980def00fa67377ad0bf8b3104f8a5bf698c",
    "https://deno.land/x/zod@v3.21.4/helpers/errorUtil.ts": "7a77328240be7b847af6de9189963bd9f79cab32bbc61502a9db4fe6683e2ea7",
    "https://deno.land/x/zod@v3.21.4/helpers/parseUtil.ts": "51a76c126ee212be86013d53a9d07f87e9ae04bb1496f2558e61b62cb74a6aa8",
    "https://deno.land/x/zod@v3.21.4/helpers/partialUtil.ts": "998c2fe79795257d4d1cf10361e74492f3b7d852f61057c7c08ac0a46488b7e7",
    "https://deno.land/x/zod@v3.21.4/helpers/typeAliases.ts": "0fda31a063c6736fc3cf9090dd94865c811dfff4f3cb8707b932bf937c6f2c3e",
    "https://deno.land/x/zod@v3.21.4/helpers/util.ts": "8baf19b19b2fca8424380367b90364b32503b6b71780269a6e3e67700bb02774",
    "https://deno.land/x/zod@v3.21.4/index.ts": "d27aabd973613985574bc31f39e45cb5d856aa122ef094a9f38a463b8ef1a268",
    "https://deno.land/x/zod@v3.21.4/locales/en.ts": "a7a25cd23563ccb5e0eed214d9b31846305ddbcdb9c5c8f508b108943366ab4c",
    "https://deno.land/x/zod@v3.21.4/mod.ts": "64e55237cb4410e17d968cd08975566059f27638ebb0b86048031b987ba251c4",
    "https://deno.land/x/zod@v3.21.4/types.ts": "b5d061babea250de14fc63764df5b3afa24f2b088a1d797fc060ba49a0ddff28",
    "https://esm.sh/d3-sankey@0.12.3?pin=v116": "9e02fe102c03edb5b9e29c0a8e5a1e7a9bef527b0b54f728a00f74d688974667",
    "https://esm.sh/d3@7.8.2?pin=v116": "9f114e76ea72baff27b4cac653a3e3749b458da471ef312ebc8a9493e097b87b",
    "https://esm.sh/v116/@types/d3-array@3.0.4/index.d.ts": "2afeb23d507491e4cbb583e79c1e79df8f8d1d0a17a0dc4c7188316a31a86ccb",
    "https://esm.sh/v116/@types/d3-axis@3.0.2/index.d.ts": "d96e0a883f0143dcced4ba821763535ec4426daefb2c1a731d4d3b16dec3b254",
    "https://esm.sh/v116/@types/d3-brush@3.0.2/index.d.ts": "45c40651b3b9b8f7ad6fb828dae12fdda42946d7d6b28f80633e55be9f34e34f",
    "https://esm.sh/v116/@types/d3-chord@3.0.2/index.d.ts": "39cb5be3f5302e759253b89f11bd3e885930b5649b840f4d5a81a763a5dd6c40",
    "https://esm.sh/v116/@types/d3-color@3.1.0/index.d.ts": "8a460dcdabe873ab0a85e421a7f339ad74445f60917bf67deed7d15d836b0247",
    "https://esm.sh/v116/@types/d3-contour@3.0.2/index.d.ts": "5e5650f2a904645cf3d83abc023885cdff9596c39a1b46520f1d9c0b6421e968",
    "https://esm.sh/v116/@types/d3-delaunay@6.0.1/index.d.ts": "6adc0305186bd1f72ca64adbd054b8e5e71f93b1d0623e90ebabf153541c06c0",
    "https://esm.sh/v116/@types/d3-dispatch@3.0.2/index.d.ts": "c85a93f216df4ebb6dfea7ad46c8d6161a0f1948a20967ba0c85f0fff3f9edcd",
    "https://esm.sh/v116/@types/d3-drag@3.0.2/index.d.ts": "26fd054b5bb719120adb1351c4586a1f2a2fd36c07e96638cbac5ee090768db2",
    "https://esm.sh/v116/@types/d3-dsv@3.0.1/index.d.ts": "7b2ff705f3c3358807afce85ef146b7f7cdc882a79442630b034ec24d6a3906e",
    "https://esm.sh/v116/@types/d3-ease@3.0.0/index.d.ts": "344ac2d6764eaa6b23b2e8e736c9bf0ae06a53479c6a1371d3d89ac964022692",
    "https://esm.sh/v116/@types/d3-fetch@3.0.2/index.d.ts": "27a255278bb02aa47e7eb2276468b0fc972d174574f3f002fd30fa4b7ceca5db",
    "https://esm.sh/v116/@types/d3-force@3.0.4/index.d.ts": "ada362e162ad90df10c921c845546d911a6ad648a641a6945bf08c3ef1a09a17",
    "https://esm.sh/v116/@types/d3-format@3.0.1/index.d.ts": "f156602a8527c97f898fc96a33b7e025eed27870c2a63842c0c9ed506d7203ea",
    "https://esm.sh/v116/@types/d3-geo@3.0.3/index.d.ts": "f1fe493301d0ea1035ce868ab8bbb8c381380f8536a9b3fcebfce481a04fca5a",
    "https://esm.sh/v116/@types/d3-hierarchy@3.1.2/index.d.ts": "4b51be04eb5bd9b929448380b3ced483ef1f6c3bbfaf7d3425bdbfa3b8eab11f",
    "https://esm.sh/v116/@types/d3-interpolate@3.0.1/index.d.ts": "24511bb3a3f4a745eeb44a8260f59725c1d957c327972328d8e4698466f3c109",
    "https://esm.sh/v116/@types/d3-path@1.0.9/index.d.ts": "9bbb0e9c08a0d81ca1068daf26c4ceb17a66450af5f6d7dabaae45210fe890cb",
    "https://esm.sh/v116/@types/d3-path@3.0.0/index.d.ts": "f1ba7a42f644ba5a281dd41b4bfc813d1f4a59e9c99227315cf778284d1e0b22",
    "https://esm.sh/v116/@types/d3-polygon@3.0.0/index.d.ts": "7adc301a699032ffd6d57e9ce97b2507e2ad652771cda558cb7ebb49a06e7696",
    "https://esm.sh/v116/@types/d3-quadtree@3.0.2/index.d.ts": "f6319ead2de997fe24e6acc3594942d6819a4570f40e42cb979f5b078f3da1ca",
    "https://esm.sh/v116/@types/d3-random@3.0.1/index.d.ts": "4d3ae1585844151755e9d76cc41d82a6770b150559cb318c5366c869d487e01f",
    "https://esm.sh/v116/@types/d3-sankey@0.12.1/index.d.ts": "158c18462ede123ab75da3b1ef9716e3e8b9d86cc2ce2802186fc55f3973a167",
    "https://esm.sh/v116/@types/d3-scale-chromatic@3.0.0/index.d.ts": "6bbf574c575a0491388f32aaa69c648140f24637b1d98ea6f3c97074c339f9e9",
    "https://esm.sh/v116/@types/d3-scale@4.0.3/index.d.ts": "26bac2b8a620590c59a69ac46708e08047b9c9b768904795a1ad2a32b837a98b",
    "https://esm.sh/v116/@types/d3-selection@3.0.5/index.d.ts": "a8c897d63ae6e779bbc4f4753a386389dfc3a45ceec6b6672f55b072d822d302",
    "https://esm.sh/v116/@types/d3-shape@1.3.8/index.d.ts": "4dc6f3684497dfdec7b48d950f422d188aa29dd38a71210e663cc7066100f544",
    "https://esm.sh/v116/@types/d3-shape@3.1.1/index.d.ts": "9e3db73f27ea9a0267eb4d7883b1621e7afbb0c001f7bef73166ca9ea93d1bb2",
    "https://esm.sh/v116/@types/d3-time-format@4.0.0/index.d.ts": "3e135eeb6a6be4b07c1d2a170c105dde5f8b5c705f9be4e0f01166259724f125",
    "https://esm.sh/v116/@types/d3-time@3.0.0/index.d.ts": "589cbf58df97db61280be456952054f5d54070e87a2c371303844a4bb288d8fa",
    "https://esm.sh/v116/@types/d3-timer@3.0.0/index.d.ts": "f6c30cfb96957bb21586996d7c5d5861c236417f31b5f790055624c7df07e944",
    "https://esm.sh/v116/@types/d3-transition@3.0.3/index.d.ts": "be04184c354d4b7207e68298ea4e0539cd3e55889778f3bad120c71593ad408e",
    "https://esm.sh/v116/@types/d3-zoom@3.0.2/index.d.ts": "47cd86d7d939bdb3e619cd1af990a0400f00b2078cf660711415640ea1dd4eda",
    "https://esm.sh/v116/@types/d3@7.4.0/index.d.ts": "011ba11febd9464bb24456e7fd152b7a2ba21a0d172e2bf1e81f2d888e190b78",
    "https://esm.sh/v116/@types/geojson@7946.0.10/index.d.ts": "a3b6c93a9838b8c94c6998e85646d6f2d07c20ecfe1e235dba62158b29451391",
    "https://esm.sh/v116/d3-array@2.12.1/deno/d3-array.mjs": "605321e8713e93882879eb6f130862a45bb065f6cec87d7511e52c5976244d87",
    "https://esm.sh/v116/d3-array@3.2.3/deno/d3-array.mjs": "81d7189b849c408cadf5ae2a91f2a9e3152958993a86217e6a5e56d7bafecf12",
    "https://esm.sh/v116/d3-axis@3.0.0/deno/d3-axis.mjs": "aa9d15eceab8fbe8af9c33e14a71a7114c683c66437a117425494787503c5fec",
    "https://esm.sh/v116/d3-brush@3.0.0/deno/d3-brush.mjs": "d4244eedfcd4c4773816e7ce1addb2f2ade18b69b128654eff412c1dad52cd9a",
    "https://esm.sh/v116/d3-chord@3.0.1/deno/d3-chord.mjs": "445bbceedc8ceef247a76c00f7cc48e671b4f68f58eb5d8dbf5b5a56049ce69b",
    "https://esm.sh/v116/d3-color@3.1.0/deno/d3-color.mjs": "2c5b38c94e405a5be71b7429d00678a2be3c4674502a4b8a03e8367b034356aa",
    "https://esm.sh/v116/d3-contour@4.0.2/deno/d3-contour.mjs": "2ef1b32a35ed5a5a281d23ca45690997fec9446de6c0283f53d2d95c2c02edf3",
    "https://esm.sh/v116/d3-delaunay@6.0.4/deno/d3-delaunay.mjs": "0f99284446461d0dea5581e89c59785199df7fa3a734acc03fd532f423f1bbb7",
    "https://esm.sh/v116/d3-dispatch@3.0.1/deno/d3-dispatch.mjs": "6bfd5addd82ed850542d5b41960fbda9897dbd86525982b1d46a3d2ad9a01e93",
    "https://esm.sh/v116/d3-drag@3.0.0/deno/d3-drag.mjs": "319a72110e464ba406611ae8bc0036e7aad39792bd8c8183d3a9b78a84f6509a",
    "https://esm.sh/v116/d3-dsv@3.0.1/deno/d3-dsv.mjs": "e7662e99fa5d1d4cdb30ba36d201963b95853410ab3521c339404a9dcb6bdcc3",
    "https://esm.sh/v116/d3-ease@3.0.1/deno/d3-ease.mjs": "df769dbee574a04ff669e45367958d752c2e4a1ab0f4571542edde0ec1736e46",
    "https://esm.sh/v116/d3-fetch@3.0.1/deno/d3-fetch.mjs": "b2bb42a0faf2e09e4f1ece4321090c0f63a870c3e159fa73ef522b88636d93a9",
    "https://esm.sh/v116/d3-force@3.0.0/deno/d3-force.mjs": "b22e2b0c671b9e040179dd86412ae08cb4aa2bd86911a4987c87ebb8d6279aad",
    "https://esm.sh/v116/d3-format@3.1.0/deno/d3-format.mjs": "e664edba9e5ec4bb9e06af4cae267b3013ee7cd3f43aa5e51fa8360f0ad2e6d7",
    "https://esm.sh/v116/d3-geo@3.1.0/deno/d3-geo.mjs": "ceec3cc7e9cb7aea64e5b394200db4212e2f64e84c96dd815822f55404bb667f",
    "https://esm.sh/v116/d3-hierarchy@3.1.2/deno/d3-hierarchy.mjs": "aabc358c55a75c7d792e5dea1116c12a4706c7f8a733c8c470685f9d9ccbbf23",
    "https://esm.sh/v116/d3-interpolate@3.0.1/deno/d3-interpolate.mjs": "34e3b76afc89dd323efe1a26c3c7101fed398f1927f2f3b3ccbbae791b00ddef",
    "https://esm.sh/v116/d3-path@1.0.9/deno/d3-path.mjs": "57b671038aca6fe97f8be2030593e49b55fa427b341f7ecb50ae547922de24f1",
    "https://esm.sh/v116/d3-path@3.1.0/deno/d3-path.mjs": "2412181b83e1629547435ef980a9edf63059bf8a657e5aff72f4b638f8985d95",
    "https://esm.sh/v116/d3-polygon@3.0.1/deno/d3-polygon.mjs": "22371b7db7593a09bf76819d3bf51ce7c6fb8535aa2a5abf8f661319a35c9b69",
    "https://esm.sh/v116/d3-quadtree@3.0.1/deno/d3-quadtree.mjs": "6eb384861c489b4babc1e4d5f5ce20c996fe46498faf8163ad3b1b704018da10",
    "https://esm.sh/v116/d3-random@3.0.1/deno/d3-random.mjs": "dca459978e15ba8f33f20ecbeb43ba6b3cf15afb17f0aee34d109f5b9c7cc0be",
    "https://esm.sh/v116/d3-sankey@0.12.3/deno/d3-sankey.mjs": "0097bd7a7afad2ce97ddea673f9783e4ea542e042e331653faa347e76c333590",
    "https://esm.sh/v116/d3-scale-chromatic@3.0.0/deno/d3-scale-chromatic.mjs": "a0d1bc05025dcd5e8629715264d4b3c2b6c6611efde8a5f4a75fa5cbc2d76b6d",
    "https://esm.sh/v116/d3-scale@4.0.2/deno/d3-scale.mjs": "bba2022ec47285cbfcca30e8ea5c695113e55bfd46cce9dd5ff9eaf782eda33a",
    "https://esm.sh/v116/d3-selection@3.0.0/deno/d3-selection.mjs": "24e504a311ebe61c8f5c68c388710c9be5fdc8da250ae69584800d4c40fc9c0e",
    "https://esm.sh/v116/d3-shape@1.3.7/deno/d3-shape.mjs": "d1e35224ea77dd95f19c0df7b3f8cfbd072690fb2341dfc9915f6a3dde5ebc87",
    "https://esm.sh/v116/d3-shape@3.2.0/deno/d3-shape.mjs": "d0d1296ffceb822c60588e56b49cca29cf26b109e909b019bf03fcc6326f1036",
    "https://esm.sh/v116/d3-time-format@4.1.0/deno/d3-time-format.mjs": "6813a1ce9516acc98e4fa46b4ad5fad7845728889ae93ef2dc096e3a93da1e5d",
    "https://esm.sh/v116/d3-time@3.1.0/deno/d3-time.mjs": "9b7c43c1d994855f5aef8f32ccd056a42b622e25888a2bf03e41e686ea970cdd",
    "https://esm.sh/v116/d3-timer@3.0.1/deno/d3-timer.mjs": "7c466e01d4ab1707d5a82142cc8b3c8590d6583243558f32106e90d110705a36",
    "https://esm.sh/v116/d3-transition@3.0.1/deno/d3-transition.mjs": "a879af003b5d1a9dd7f6188e76a2f8c0348b84d4c5ea277104f14c5a8d1f7358",
    "https://esm.sh/v116/d3-zoom@3.0.0/deno/d3-zoom.mjs": "41d88eb9113f88ae369aa7387db98b82f745f86283af270688e88c257a65c8be",
    "https://esm.sh/v116/d3@7.8.2/deno/d3.mjs": "ddfe417ee69596748594d5a13ad5a22e71e623dfb0e012b514f4ac3003163e47",
    "https://esm.sh/v116/delaunator@5.0.0/deno/delaunator.mjs": "24521c45b27e44071dab79136b791a77d89cd442eed47c53252393e3c187f584",
    "https://esm.sh/v116/internmap@1.0.1/deno/internmap.mjs": "6c0dd926555d0e7abb4a29f23bd1c4ca16c5fbabf8bd0e384ea9013dd31f495c",
    "https://esm.sh/v116/internmap@2.0.3/deno/internmap.mjs": "888a2d00b3b9aa13eec97d36764bbe859d4c00004015ac84e7625bab9889eb44",
    "https://esm.sh/v116/robust-predicates@3.0.1/deno/robust-predicates.mjs": "2cb4b7d89ec1d2c5392e8b262fe031199f0988be55388447a7c31c680a6178a0",
    "https://esm.sh/v117/zod@3.20.2/es2022/zod.mjs": "7888a1356e4a81083f7f55ab272458d5554a11455279f016b9b317e7a43a2b9f"
  },
  "npm": {
    "specifiers": {
      "comment-parser": "comment-parser@1.3.1",
      "prettier": "prettier@2.8.7",
      "svelte": "svelte@3.58.0"
    },
    "packages": {
      "comment-parser@1.3.1": {
        "integrity": "sha512-B52sN2VNghyq5ofvUsqZjmk6YkihBX5vMSChmSK9v4ShjKf3Vk5Xcmgpw4o+iIgtrnM/u5FiMpz9VKb8lpBveA==",
        "dependencies": {}
      },
      "prettier@2.8.7": {
        "integrity": "sha512-yPngTo3aXUUmyuTjeTUT75txrf+aMh9FiD7q9ZE/i6r0bPb22g4FsE6Y338PQX1bmfy08i9QQCB7/rcUAVntfw==",
        "dependencies": {}
      },
      "svelte@3.58.0": {
        "integrity": "sha512-brIBNNB76mXFmU/Kerm4wFnkskBbluBDCjx/8TcpYRb298Yh2dztS2kQ6bhtjMcvUhd5ynClfwpz5h2gnzdQ1A==",
        "dependencies": {}
      }
    }
  }
}
